// !$*UTF8*$!
{
	archiveVersion = 1;
	classes = {
	};
	objectVersion = 55;
	objects = {

/* Begin PBXBuildFile section */
		D829827D287EFB9100FB56BD /* CDPlanet+CoreDataClass.swift in Sources */ = {isa = PBXBuildFile; fileRef = D829827B287EFB9100FB56BD /* CDPlanet+CoreDataClass.swift */; };
		D829827E287EFB9100FB56BD /* CDPlanet+CoreDataProperties.swift in Sources */ = {isa = PBXBuildFile; fileRef = D829827C287EFB9100FB56BD /* CDPlanet+CoreDataProperties.swift */; };
		D8298280287F2A2E00FB56BD /* PlanetDataService.swift in Sources */ = {isa = PBXBuildFile; fileRef = D829827F287F2A2E00FB56BD /* PlanetDataService.swift */; };
		D8298284287F339200FB56BD /* PlanetsCoreDataServiceTest.swift in Sources */ = {isa = PBXBuildFile; fileRef = D8298283287F339200FB56BD /* PlanetsCoreDataServiceTest.swift */; };
		D829828E287F372E00FB56BD /* PlanetsListViewModelTest.swift in Sources */ = {isa = PBXBuildFile; fileRef = D829828D287F372E00FB56BD /* PlanetsListViewModelTest.swift */; };
		D8298290287F3C5C00FB56BD /* PlanetResultModelTest.swift in Sources */ = {isa = PBXBuildFile; fileRef = D829828F287F3C5C00FB56BD /* PlanetResultModelTest.swift */; };
		D8298295287FBB9700FB56BD /* Planets.xcdatamodeld in Sources */ = {isa = PBXBuildFile; fileRef = D8298292287FBB9700FB56BD /* Planets.xcdatamodeld */; };
		D8298298287FBC0200FB56BD /* CDPlanetExtension.swift in Sources */ = {isa = PBXBuildFile; fileRef = D8298297287FBC0200FB56BD /* CDPlanetExtension.swift */; };
		D86483C228807DAC0012BDA0 /* PlanetModelTest.swift in Sources */ = {isa = PBXBuildFile; fileRef = D86483C128807DAC0012BDA0 /* PlanetModelTest.swift */; };
		D8A39A542884865B0071E61F /* ReadMe in Resources */ = {isa = PBXBuildFile; fileRef = D8A39A532884865B0071E61F /* ReadMe */; };
		D8A39A5C288486EB0071E61F /* PlanetsListViewController.swift in Sources */ = {isa = PBXBuildFile; fileRef = D8A39A5B288486EB0071E61F /* PlanetsListViewController.swift */; };
		D8A39A60288487380071E61F /* PlanetTableViewCell.swift in Sources */ = {isa = PBXBuildFile; fileRef = D8A39A5E288487380071E61F /* PlanetTableViewCell.swift */; };
		D8A39A61288487380071E61F /* PlanetTableViewCell.xib in Resources */ = {isa = PBXBuildFile; fileRef = D8A39A5F288487380071E61F /* PlanetTableViewCell.xib */; };
		D8A39A702884882B0071E61F /* CoreDataHelper.swift in Sources */ = {isa = PBXBuildFile; fileRef = D8A39A6F2884882A0071E61F /* CoreDataHelper.swift */; };
		D8A39A78288488550071E61F /* Dynamic.swift in Sources */ = {isa = PBXBuildFile; fileRef = D8A39A72288488550071E61F /* Dynamic.swift */; };
		D8A39A7A288488550071E61F /* Utility.swift in Sources */ = {isa = PBXBuildFile; fileRef = D8A39A75288488550071E61F /* Utility.swift */; };
		D8A39A7B288488550071E61F /* AppConstants.swift in Sources */ = {isa = PBXBuildFile; fileRef = D8A39A76288488550071E61F /* AppConstants.swift */; };
		D8A39A7C288488550071E61F /* PlanetSerivceProtocols.swift in Sources */ = {isa = PBXBuildFile; fileRef = D8A39A77288488550071E61F /* PlanetSerivceProtocols.swift */; };
		D8A39A8D288488BC0071E61F /* SceneDelegate.swift in Sources */ = {isa = PBXBuildFile; fileRef = D8A39A8B288488BC0071E61F /* SceneDelegate.swift */; };
		D8A39A8E288488BC0071E61F /* AppDelegate.swift in Sources */ = {isa = PBXBuildFile; fileRef = D8A39A8C288488BC0071E61F /* AppDelegate.swift */; };
		D8A39A912884BF3F0071E61F /* Planets.json in Resources */ = {isa = PBXBuildFile; fileRef = D8A39A902884BF3F0071E61F /* Planets.json */; };
		D8A39A952884C1460071E61F /* PlanetsListViewControllerTest.swift in Sources */ = {isa = PBXBuildFile; fileRef = D8A39A942884C1460071E61F /* PlanetsListViewControllerTest.swift */; };
		D8CCF305287C32E400EF9EC1 /* Main.storyboard in Resources */ = {isa = PBXBuildFile; fileRef = D8CCF303287C32E400EF9EC1 /* Main.storyboard */; };
		D8CCF307287C32E600EF9EC1 /* Assets.xcassets in Resources */ = {isa = PBXBuildFile; fileRef = D8CCF306287C32E600EF9EC1 /* Assets.xcassets */; };
		D8CCF30A287C32E600EF9EC1 /* LaunchScreen.storyboard in Resources */ = {isa = PBXBuildFile; fileRef = D8CCF308287C32E600EF9EC1 /* LaunchScreen.storyboard */; };
		D8CCF31F287C32E600EF9EC1 /* JPMCPlanetsChallengeUITests.swift in Sources */ = {isa = PBXBuildFile; fileRef = D8CCF31E287C32E600EF9EC1 /* JPMCPlanetsChallengeUITests.swift */; };
		D8CCF321287C32E600EF9EC1 /* JPMCPlanetsChallengeUITestsLaunchTests.swift in Sources */ = {isa = PBXBuildFile; fileRef = D8CCF320287C32E600EF9EC1 /* JPMCPlanetsChallengeUITestsLaunchTests.swift */; };
		D8CCF34E287C3AF600EF9EC1 /* PlanetTableViewCellViewModel.swift in Sources */ = {isa = PBXBuildFile; fileRef = D8CCF34D287C3AF600EF9EC1 /* PlanetTableViewCellViewModel.swift */; };
		D8CCF350287C3B6D00EF9EC1 /* PlanetsListViewModel.swift in Sources */ = {isa = PBXBuildFile; fileRef = D8CCF34F287C3B6D00EF9EC1 /* PlanetsListViewModel.swift */; };
		D8CCF352287C3C8400EF9EC1 /* PlanetModel.swift in Sources */ = {isa = PBXBuildFile; fileRef = D8CCF351287C3C8400EF9EC1 /* PlanetModel.swift */; };
		D8CCF354287C44F300EF9EC1 /* PlanetsApiListService.swift in Sources */ = {isa = PBXBuildFile; fileRef = D8CCF353287C44F300EF9EC1 /* PlanetsApiListService.swift */; };
/* End PBXBuildFile section */

/* Begin PBXContainerItemProxy section */
		D8CCF311287C32E600EF9EC1 /* PBXContainerItemProxy */ = {
			isa = PBXContainerItemProxy;
			containerPortal = D8CCF2F2287C32E400EF9EC1 /* Project object */;
			proxyType = 1;
			remoteGlobalIDString = D8CCF2F9287C32E400EF9EC1;
			remoteInfo = JPMCPlanetsChallenge;
		};
		D8CCF31B287C32E600EF9EC1 /* PBXContainerItemProxy */ = {
			isa = PBXContainerItemProxy;
			containerPortal = D8CCF2F2287C32E400EF9EC1 /* Project object */;
			proxyType = 1;
			remoteGlobalIDString = D8CCF2F9287C32E400EF9EC1;
			remoteInfo = JPMCPlanetsChallenge;
		};
/* End PBXContainerItemProxy section */

/* Begin PBXFileReference section */
		D829827B287EFB9100FB56BD /* CDPlanet+CoreDataClass.swift */ = {isa = PBXFileReference; fileEncoding = 4; lastKnownFileType = sourcecode.swift; path = "CDPlanet+CoreDataClass.swift"; sourceTree = "<group>"; };
		D829827C287EFB9100FB56BD /* CDPlanet+CoreDataProperties.swift */ = {isa = PBXFileReference; fileEncoding = 4; lastKnownFileType = sourcecode.swift; path = "CDPlanet+CoreDataProperties.swift"; sourceTree = "<group>"; };
		D829827F287F2A2E00FB56BD /* PlanetDataService.swift */ = {isa = PBXFileReference; lastKnownFileType = sourcecode.swift; path = PlanetDataService.swift; sourceTree = "<group>"; };
		D8298283287F339200FB56BD /* PlanetsCoreDataServiceTest.swift */ = {isa = PBXFileReference; fileEncoding = 4; lastKnownFileType = sourcecode.swift; path = PlanetsCoreDataServiceTest.swift; sourceTree = "<group>"; };
		D829828D287F372E00FB56BD /* PlanetsListViewModelTest.swift */ = {isa = PBXFileReference; fileEncoding = 4; lastKnownFileType = sourcecode.swift; path = PlanetsListViewModelTest.swift; sourceTree = "<group>"; };
		D829828F287F3C5C00FB56BD /* PlanetResultModelTest.swift */ = {isa = PBXFileReference; fileEncoding = 4; lastKnownFileType = sourcecode.swift; path = PlanetResultModelTest.swift; sourceTree = "<group>"; };
		D8298293287FBB9700FB56BD /* Planets.xcdatamodel */ = {isa = PBXFileReference; lastKnownFileType = wrapper.xcdatamodel; path = Planets.xcdatamodel; sourceTree = "<group>"; };
		D8298297287FBC0200FB56BD /* CDPlanetExtension.swift */ = {isa = PBXFileReference; fileEncoding = 4; lastKnownFileType = sourcecode.swift; path = CDPlanetExtension.swift; sourceTree = "<group>"; };
		D86483C128807DAC0012BDA0 /* PlanetModelTest.swift */ = {isa = PBXFileReference; lastKnownFileType = sourcecode.swift; path = PlanetModelTest.swift; sourceTree = "<group>"; };
		D8A39A532884865B0071E61F /* ReadMe */ = {isa = PBXFileReference; fileEncoding = 4; lastKnownFileType = text; path = ReadMe; sourceTree = "<group>"; };
		D8A39A5B288486EB0071E61F /* PlanetsListViewController.swift */ = {isa = PBXFileReference; lastKnownFileType = sourcecode.swift; path = PlanetsListViewController.swift; sourceTree = "<group>"; };
		D8A39A5E288487380071E61F /* PlanetTableViewCell.swift */ = {isa = PBXFileReference; fileEncoding = 4; lastKnownFileType = sourcecode.swift; path = PlanetTableViewCell.swift; sourceTree = "<group>"; };
		D8A39A5F288487380071E61F /* PlanetTableViewCell.xib */ = {isa = PBXFileReference; fileEncoding = 4; lastKnownFileType = file.xib; path = PlanetTableViewCell.xib; sourceTree = "<group>"; };
		D8A39A6F2884882A0071E61F /* CoreDataHelper.swift */ = {isa = PBXFileReference; fileEncoding = 4; lastKnownFileType = sourcecode.swift; path = CoreDataHelper.swift; sourceTree = "<group>"; };
		D8A39A72288488550071E61F /* Dynamic.swift */ = {isa = PBXFileReference; fileEncoding = 4; lastKnownFileType = sourcecode.swift; path = Dynamic.swift; sourceTree = "<group>"; };
		D8A39A75288488550071E61F /* Utility.swift */ = {isa = PBXFileReference; fileEncoding = 4; lastKnownFileType = sourcecode.swift; path = Utility.swift; sourceTree = "<group>"; };
		D8A39A76288488550071E61F /* AppConstants.swift */ = {isa = PBXFileReference; fileEncoding = 4; lastKnownFileType = sourcecode.swift; path = AppConstants.swift; sourceTree = "<group>"; };
		D8A39A77288488550071E61F /* PlanetSerivceProtocols.swift */ = {isa = PBXFileReference; fileEncoding = 4; lastKnownFileType = sourcecode.swift; path = PlanetSerivceProtocols.swift; sourceTree = "<group>"; };
		D8A39A8B288488BC0071E61F /* SceneDelegate.swift */ = {isa = PBXFileReference; fileEncoding = 4; lastKnownFileType = sourcecode.swift; path = SceneDelegate.swift; sourceTree = "<group>"; };
		D8A39A8C288488BC0071E61F /* AppDelegate.swift */ = {isa = PBXFileReference; fileEncoding = 4; lastKnownFileType = sourcecode.swift; path = AppDelegate.swift; sourceTree = "<group>"; };
		D8A39A902884BF3F0071E61F /* Planets.json */ = {isa = PBXFileReference; fileEncoding = 4; lastKnownFileType = text.json; path = Planets.json; sourceTree = "<group>"; };
		D8A39A942884C1460071E61F /* PlanetsListViewControllerTest.swift */ = {isa = PBXFileReference; fileEncoding = 4; lastKnownFileType = sourcecode.swift; path = PlanetsListViewControllerTest.swift; sourceTree = "<group>"; };
		D8CCF2FA287C32E400EF9EC1 /* JPMCPlanetsChallenge.app */ = {isa = PBXFileReference; explicitFileType = wrapper.application; includeInIndex = 0; path = JPMCPlanetsChallenge.app; sourceTree = BUILT_PRODUCTS_DIR; };
		D8CCF304287C32E400EF9EC1 /* Base */ = {isa = PBXFileReference; lastKnownFileType = file.storyboard; name = Base; path = Base.lproj/Main.storyboard; sourceTree = "<group>"; };
		D8CCF306287C32E600EF9EC1 /* Assets.xcassets */ = {isa = PBXFileReference; lastKnownFileType = folder.assetcatalog; path = Assets.xcassets; sourceTree = "<group>"; };
		D8CCF309287C32E600EF9EC1 /* Base */ = {isa = PBXFileReference; lastKnownFileType = file.storyboard; name = Base; path = Base.lproj/LaunchScreen.storyboard; sourceTree = "<group>"; };
		D8CCF30B287C32E600EF9EC1 /* Info.plist */ = {isa = PBXFileReference; lastKnownFileType = text.plist.xml; path = Info.plist; sourceTree = "<group>"; };
		D8CCF310287C32E600EF9EC1 /* JPMCPlanetsChallengeTests.xctest */ = {isa = PBXFileReference; explicitFileType = wrapper.cfbundle; includeInIndex = 0; path = JPMCPlanetsChallengeTests.xctest; sourceTree = BUILT_PRODUCTS_DIR; };
		D8CCF31A287C32E600EF9EC1 /* JPMCPlanetsChallengeUITests.xctest */ = {isa = PBXFileReference; explicitFileType = wrapper.cfbundle; includeInIndex = 0; path = JPMCPlanetsChallengeUITests.xctest; sourceTree = BUILT_PRODUCTS_DIR; };
		D8CCF31E287C32E600EF9EC1 /* JPMCPlanetsChallengeUITests.swift */ = {isa = PBXFileReference; lastKnownFileType = sourcecode.swift; path = JPMCPlanetsChallengeUITests.swift; sourceTree = "<group>"; };
		D8CCF320287C32E600EF9EC1 /* JPMCPlanetsChallengeUITestsLaunchTests.swift */ = {isa = PBXFileReference; lastKnownFileType = sourcecode.swift; path = JPMCPlanetsChallengeUITestsLaunchTests.swift; sourceTree = "<group>"; };
		D8CCF34D287C3AF600EF9EC1 /* PlanetTableViewCellViewModel.swift */ = {isa = PBXFileReference; fileEncoding = 4; lastKnownFileType = sourcecode.swift; path = PlanetTableViewCellViewModel.swift; sourceTree = "<group>"; };
		D8CCF34F287C3B6D00EF9EC1 /* PlanetsListViewModel.swift */ = {isa = PBXFileReference; fileEncoding = 4; lastKnownFileType = sourcecode.swift; path = PlanetsListViewModel.swift; sourceTree = "<group>"; };
		D8CCF351287C3C8400EF9EC1 /* PlanetModel.swift */ = {isa = PBXFileReference; fileEncoding = 4; lastKnownFileType = sourcecode.swift; path = PlanetModel.swift; sourceTree = "<group>"; };
		D8CCF353287C44F300EF9EC1 /* PlanetsApiListService.swift */ = {isa = PBXFileReference; fileEncoding = 4; lastKnownFileType = sourcecode.swift; path = PlanetsApiListService.swift; sourceTree = "<group>"; };
/* End PBXFileReference section */

/* Begin PBXFrameworksBuildPhase section */
		D8CCF2F7287C32E400EF9EC1 /* Frameworks */ = {
			isa = PBXFrameworksBuildPhase;
			buildActionMask = 2147483647;
			files = (
			);
			runOnlyForDeploymentPostprocessing = 0;
		};
		D8CCF30D287C32E600EF9EC1 /* Frameworks */ = {
			isa = PBXFrameworksBuildPhase;
			buildActionMask = 2147483647;
			files = (
			);
			runOnlyForDeploymentPostprocessing = 0;
		};
		D8CCF317287C32E600EF9EC1 /* Frameworks */ = {
			isa = PBXFrameworksBuildPhase;
			buildActionMask = 2147483647;
			files = (
			);
			runOnlyForDeploymentPostprocessing = 0;
		};
/* End PBXFrameworksBuildPhase section */

/* Begin PBXGroup section */
		D829827A287EFB9100FB56BD /* CoreDataModels */ = {
			isa = PBXGroup;
			children = (
				D8298296287FBC0200FB56BD /* ManagedObjectExtension */,
				D829827B287EFB9100FB56BD /* CDPlanet+CoreDataClass.swift */,
				D829827C287EFB9100FB56BD /* CDPlanet+CoreDataProperties.swift */,
			);
			path = CoreDataModels;
			sourceTree = "<group>";
		};
		D8298296287FBC0200FB56BD /* ManagedObjectExtension */ = {
			isa = PBXGroup;
			children = (
				D8298297287FBC0200FB56BD /* CDPlanetExtension.swift */,
			);
			path = ManagedObjectExtension;
			sourceTree = "<group>";
		};
		D8A39A5A288486EB0071E61F /* Controllers */ = {
			isa = PBXGroup;
			children = (
				D8A39A5B288486EB0071E61F /* PlanetsListViewController.swift */,
			);
			path = Controllers;
			sourceTree = "<group>";
		};
		D8A39A5D288487380071E61F /* Custom Views */ = {
			isa = PBXGroup;
			children = (
				D8A39A5E288487380071E61F /* PlanetTableViewCell.swift */,
				D8A39A5F288487380071E61F /* PlanetTableViewCell.xib */,
			);
			path = "Custom Views";
			sourceTree = "<group>";
		};
		D8A39A6E2884882A0071E61F /* CoreData */ = {
			isa = PBXGroup;
			children = (
				D8A39A6F2884882A0071E61F /* CoreDataHelper.swift */,
			);
			path = CoreData;
			sourceTree = "<group>";
		};
		D8A39A71288488550071E61F /* Utilities */ = {
			isa = PBXGroup;
			children = (
				D8A39A72288488550071E61F /* Dynamic.swift */,
				D8A39A75288488550071E61F /* Utility.swift */,
				D8A39A76288488550071E61F /* AppConstants.swift */,
				D8A39A77288488550071E61F /* PlanetSerivceProtocols.swift */,
			);
			path = Utilities;
			sourceTree = "<group>";
		};
		D8A39A7D288488610071E61F /* Common */ = {
			isa = PBXGroup;
			children = (
				D8A39A8C288488BC0071E61F /* AppDelegate.swift */,
				D8A39A8B288488BC0071E61F /* SceneDelegate.swift */,
			);
			path = Common;
			sourceTree = "<group>";
		};
		D8A39A8F2884BF3F0071E61F /* JSON Responses */ = {
			isa = PBXGroup;
			children = (
				D8A39A902884BF3F0071E61F /* Planets.json */,
			);
			path = "JSON Responses";
			sourceTree = "<group>";
		};
		D8A39A922884C1460071E61F /* View */ = {
			isa = PBXGroup;
			children = (
				D8A39A932884C1460071E61F /* Controllers */,
			);
			path = View;
			sourceTree = "<group>";
		};
		D8A39A932884C1460071E61F /* Controllers */ = {
			isa = PBXGroup;
			children = (
				D8A39A942884C1460071E61F /* PlanetsListViewControllerTest.swift */,
			);
			path = Controllers;
			sourceTree = "<group>";
		};
		D8CCF2F1287C32E400EF9EC1 = {
			isa = PBXGroup;
			children = (
				D8A39A532884865B0071E61F /* ReadMe */,
				D8CCF2FC287C32E400EF9EC1 /* JPMCPlanetsChallenge */,
				D8CCF313287C32E600EF9EC1 /* JPMCPlanetsChallengeTests */,
				D8CCF31D287C32E600EF9EC1 /* JPMCPlanetsChallengeUITests */,
				D8CCF2FB287C32E400EF9EC1 /* Products */,
			);
			sourceTree = "<group>";
		};
		D8CCF2FB287C32E400EF9EC1 /* Products */ = {
			isa = PBXGroup;
			children = (
				D8CCF2FA287C32E400EF9EC1 /* JPMCPlanetsChallenge.app */,
				D8CCF310287C32E600EF9EC1 /* JPMCPlanetsChallengeTests.xctest */,
				D8CCF31A287C32E600EF9EC1 /* JPMCPlanetsChallengeUITests.xctest */,
			);
			name = Products;
			sourceTree = "<group>";
		};
		D8CCF2FC287C32E400EF9EC1 /* JPMCPlanetsChallenge */ = {
			isa = PBXGroup;
			children = (
				D8A39A7D288488610071E61F /* Common */,
				D8A39A71288488550071E61F /* Utilities */,
				D8A39A6E2884882A0071E61F /* CoreData */,
				D8CCF344287C354600EF9EC1 /* Services */,
				D8CCF342287C354600EF9EC1 /* Model */,
				D8CCF346287C358800EF9EC1 /* View */,
				D8CCF340287C354600EF9EC1 /* ViewModels */,
				D8CCF343287C354600EF9EC1 /* Storyboards */,
				D8CCF306287C32E600EF9EC1 /* Assets.xcassets */,
				D8298292287FBB9700FB56BD /* Planets.xcdatamodeld */,
				D8CCF30B287C32E600EF9EC1 /* Info.plist */,
			);
			path = JPMCPlanetsChallenge;
			sourceTree = "<group>";
		};
		D8CCF313287C32E600EF9EC1 /* JPMCPlanetsChallengeTests */ = {
			isa = PBXGroup;
			children = (
				D8A39A922884C1460071E61F /* View */,
				D8A39A8F2884BF3F0071E61F /* JSON Responses */,
				D829828F287F3C5C00FB56BD /* PlanetResultModelTest.swift */,
				D829828D287F372E00FB56BD /* PlanetsListViewModelTest.swift */,
				D8298283287F339200FB56BD /* PlanetsCoreDataServiceTest.swift */,
				D86483C128807DAC0012BDA0 /* PlanetModelTest.swift */,
			);
			path = JPMCPlanetsChallengeTests;
			sourceTree = "<group>";
		};
		D8CCF31D287C32E600EF9EC1 /* JPMCPlanetsChallengeUITests */ = {
			isa = PBXGroup;
			children = (
				D8CCF31E287C32E600EF9EC1 /* JPMCPlanetsChallengeUITests.swift */,
				D8CCF320287C32E600EF9EC1 /* JPMCPlanetsChallengeUITestsLaunchTests.swift */,
			);
			path = JPMCPlanetsChallengeUITests;
			sourceTree = "<group>";
		};
		D8CCF340287C354600EF9EC1 /* ViewModels */ = {
			isa = PBXGroup;
			children = (
				D8CCF34F287C3B6D00EF9EC1 /* PlanetsListViewModel.swift */,
				D8CCF34D287C3AF600EF9EC1 /* PlanetTableViewCellViewModel.swift */,
			);
			path = ViewModels;
			sourceTree = "<group>";
		};
		D8CCF342287C354600EF9EC1 /* Model */ = {
			isa = PBXGroup;
			children = (
				D829827A287EFB9100FB56BD /* CoreDataModels */,
				D8CCF351287C3C8400EF9EC1 /* PlanetModel.swift */,
			);
			path = Model;
			sourceTree = "<group>";
		};
		D8CCF343287C354600EF9EC1 /* Storyboards */ = {
			isa = PBXGroup;
			children = (
				D8CCF308287C32E600EF9EC1 /* LaunchScreen.storyboard */,
				D8CCF303287C32E400EF9EC1 /* Main.storyboard */,
			);
			path = Storyboards;
			sourceTree = "<group>";
		};
		D8CCF344287C354600EF9EC1 /* Services */ = {
			isa = PBXGroup;
			children = (
				D8CCF353287C44F300EF9EC1 /* PlanetsApiListService.swift */,
				D829827F287F2A2E00FB56BD /* PlanetDataService.swift */,
			);
			path = Services;
			sourceTree = "<group>";
		};
		D8CCF346287C358800EF9EC1 /* View */ = {
			isa = PBXGroup;
			children = (
				D8A39A5D288487380071E61F /* Custom Views */,
				D8A39A5A288486EB0071E61F /* Controllers */,
			);
			path = View;
			sourceTree = "<group>";
		};
/* End PBXGroup section */

/* Begin PBXNativeTarget section */
		D8CCF2F9287C32E400EF9EC1 /* JPMCPlanetsChallenge */ = {
			isa = PBXNativeTarget;
			buildConfigurationList = D8CCF324287C32E600EF9EC1 /* Build configuration list for PBXNativeTarget "JPMCPlanetsChallenge" */;
			buildPhases = (
				D8CCF2F6287C32E400EF9EC1 /* Sources */,
				D8CCF2F7287C32E400EF9EC1 /* Frameworks */,
				D8CCF2F8287C32E400EF9EC1 /* Resources */,
			);
			buildRules = (
			);
			dependencies = (
			);
			name = JPMCPlanetsChallenge;
			productName = JPMCPlanetsChallenge;
			productReference = D8CCF2FA287C32E400EF9EC1 /* JPMCPlanetsChallenge.app */;
			productType = "com.apple.product-type.application";
		};
		D8CCF30F287C32E600EF9EC1 /* JPMCPlanetsChallengeTests */ = {
			isa = PBXNativeTarget;
			buildConfigurationList = D8CCF327287C32E600EF9EC1 /* Build configuration list for PBXNativeTarget "JPMCPlanetsChallengeTests" */;
			buildPhases = (
				D8CCF30C287C32E600EF9EC1 /* Sources */,
				D8CCF30D287C32E600EF9EC1 /* Frameworks */,
				D8CCF30E287C32E600EF9EC1 /* Resources */,
			);
			buildRules = (
			);
			dependencies = (
				D8CCF312287C32E600EF9EC1 /* PBXTargetDependency */,
			);
			name = JPMCPlanetsChallengeTests;
			productName = JPMCPlanetsChallengeTests;
			productReference = D8CCF310287C32E600EF9EC1 /* JPMCPlanetsChallengeTests.xctest */;
			productType = "com.apple.product-type.bundle.unit-test";
		};
		D8CCF319287C32E600EF9EC1 /* JPMCPlanetsChallengeUITests */ = {
			isa = PBXNativeTarget;
			buildConfigurationList = D8CCF32A287C32E600EF9EC1 /* Build configuration list for PBXNativeTarget "JPMCPlanetsChallengeUITests" */;
			buildPhases = (
				D8CCF316287C32E600EF9EC1 /* Sources */,
				D8CCF317287C32E600EF9EC1 /* Frameworks */,
				D8CCF318287C32E600EF9EC1 /* Resources */,
			);
			buildRules = (
			);
			dependencies = (
				D8CCF31C287C32E600EF9EC1 /* PBXTargetDependency */,
			);
			name = JPMCPlanetsChallengeUITests;
			productName = JPMCPlanetsChallengeUITests;
			productReference = D8CCF31A287C32E600EF9EC1 /* JPMCPlanetsChallengeUITests.xctest */;
			productType = "com.apple.product-type.bundle.ui-testing";
		};
/* End PBXNativeTarget section */

/* Begin PBXProject section */
		D8CCF2F2287C32E400EF9EC1 /* Project object */ = {
			isa = PBXProject;
			attributes = {
				BuildIndependentTargetsInParallel = 1;
				LastSwiftUpdateCheck = 1320;
				LastUpgradeCheck = 1320;
				TargetAttributes = {
					D8CCF2F9287C32E400EF9EC1 = {
						CreatedOnToolsVersion = 13.2.1;
					};
					D8CCF30F287C32E600EF9EC1 = {
						CreatedOnToolsVersion = 13.2.1;
						TestTargetID = D8CCF2F9287C32E400EF9EC1;
					};
					D8CCF319287C32E600EF9EC1 = {
						CreatedOnToolsVersion = 13.2.1;
						TestTargetID = D8CCF2F9287C32E400EF9EC1;
					};
				};
			};
			buildConfigurationList = D8CCF2F5287C32E400EF9EC1 /* Build configuration list for PBXProject "JPMCPlanetsChallenge" */;
			compatibilityVersion = "Xcode 13.0";
			developmentRegion = en;
			hasScannedForEncodings = 0;
			knownRegions = (
				en,
				Base,
			);
			mainGroup = D8CCF2F1287C32E400EF9EC1;
			productRefGroup = D8CCF2FB287C32E400EF9EC1 /* Products */;
			projectDirPath = "";
			projectRoot = "";
			targets = (
				D8CCF2F9287C32E400EF9EC1 /* JPMCPlanetsChallenge */,
				D8CCF30F287C32E600EF9EC1 /* JPMCPlanetsChallengeTests */,
				D8CCF319287C32E600EF9EC1 /* JPMCPlanetsChallengeUITests */,
			);
		};
/* End PBXProject section */

/* Begin PBXResourcesBuildPhase section */
		D8CCF2F8287C32E400EF9EC1 /* Resources */ = {
			isa = PBXResourcesBuildPhase;
			buildActionMask = 2147483647;
			files = (
				D8A39A61288487380071E61F /* PlanetTableViewCell.xib in Resources */,
				D8CCF30A287C32E600EF9EC1 /* LaunchScreen.storyboard in Resources */,
				D8A39A542884865B0071E61F /* ReadMe in Resources */,
				D8CCF307287C32E600EF9EC1 /* Assets.xcassets in Resources */,
				D8CCF305287C32E400EF9EC1 /* Main.storyboard in Resources */,
			);
			runOnlyForDeploymentPostprocessing = 0;
		};
		D8CCF30E287C32E600EF9EC1 /* Resources */ = {
			isa = PBXResourcesBuildPhase;
			buildActionMask = 2147483647;
			files = (
				D8A39A912884BF3F0071E61F /* Planets.json in Resources */,
			);
			runOnlyForDeploymentPostprocessing = 0;
		};
		D8CCF318287C32E600EF9EC1 /* Resources */ = {
			isa = PBXResourcesBuildPhase;
			buildActionMask = 2147483647;
			files = (
			);
			runOnlyForDeploymentPostprocessing = 0;
		};
/* End PBXResourcesBuildPhase section */

/* Begin PBXSourcesBuildPhase section */
		D8CCF2F6287C32E400EF9EC1 /* Sources */ = {
			isa = PBXSourcesBuildPhase;
			buildActionMask = 2147483647;
			files = (
				D8A39A702884882B0071E61F /* CoreDataHelper.swift in Sources */,
				D8A39A7B288488550071E61F /* AppConstants.swift in Sources */,
				D8A39A8E288488BC0071E61F /* AppDelegate.swift in Sources */,
				D8A39A7C288488550071E61F /* PlanetSerivceProtocols.swift in Sources */,
				D8CCF34E287C3AF600EF9EC1 /* PlanetTableViewCellViewModel.swift in Sources */,
				D8CCF350287C3B6D00EF9EC1 /* PlanetsListViewModel.swift in Sources */,
				D8298298287FBC0200FB56BD /* CDPlanetExtension.swift in Sources */,
				D8298295287FBB9700FB56BD /* Planets.xcdatamodeld in Sources */,
				D8A39A5C288486EB0071E61F /* PlanetsListViewController.swift in Sources */,
				D8A39A78288488550071E61F /* Dynamic.swift in Sources */,
				D8298280287F2A2E00FB56BD /* PlanetDataService.swift in Sources */,
				D8A39A8D288488BC0071E61F /* SceneDelegate.swift in Sources */,
				D8CCF352287C3C8400EF9EC1 /* PlanetModel.swift in Sources */,
				D829827D287EFB9100FB56BD /* CDPlanet+CoreDataClass.swift in Sources */,
				D8A39A60288487380071E61F /* PlanetTableViewCell.swift in Sources */,
				D829827E287EFB9100FB56BD /* CDPlanet+CoreDataProperties.swift in Sources */,
				D8CCF354287C44F300EF9EC1 /* PlanetsApiListService.swift in Sources */,
				D8A39A7A288488550071E61F /* Utility.swift in Sources */,
			);
			runOnlyForDeploymentPostprocessing = 0;
		};
		D8CCF30C287C32E600EF9EC1 /* Sources */ = {
			isa = PBXSourcesBuildPhase;
			buildActionMask = 2147483647;
			files = (
				D8298290287F3C5C00FB56BD /* PlanetResultModelTest.swift in Sources */,
				D8A39A952884C1460071E61F /* PlanetsListViewControllerTest.swift in Sources */,
				D86483C228807DAC0012BDA0 /* PlanetModelTest.swift in Sources */,
				D829828E287F372E00FB56BD /* PlanetsListViewModelTest.swift in Sources */,
				D8298284287F339200FB56BD /* PlanetsCoreDataServiceTest.swift in Sources */,
			);
			runOnlyForDeploymentPostprocessing = 0;
		};
		D8CCF316287C32E600EF9EC1 /* Sources */ = {
			isa = PBXSourcesBuildPhase;
			buildActionMask = 2147483647;
			files = (
				D8CCF321287C32E600EF9EC1 /* JPMCPlanetsChallengeUITestsLaunchTests.swift in Sources */,
				D8CCF31F287C32E600EF9EC1 /* JPMCPlanetsChallengeUITests.swift in Sources */,
			);
			runOnlyForDeploymentPostprocessing = 0;
		};
/* End PBXSourcesBuildPhase section */

/* Begin PBXTargetDependency section */
		D8CCF312287C32E600EF9EC1 /* PBXTargetDependency */ = {
			isa = PBXTargetDependency;
			target = D8CCF2F9287C32E400EF9EC1 /* JPMCPlanetsChallenge */;
			targetProxy = D8CCF311287C32E600EF9EC1 /* PBXContainerItemProxy */;
		};
		D8CCF31C287C32E600EF9EC1 /* PBXTargetDependency */ = {
			isa = PBXTargetDependency;
			target = D8CCF2F9287C32E400EF9EC1 /* JPMCPlanetsChallenge */;
			targetProxy = D8CCF31B287C32E600EF9EC1 /* PBXContainerItemProxy */;
		};
/* End PBXTargetDependency section */

/* Begin PBXVariantGroup section */
		D8CCF303287C32E400EF9EC1 /* Main.storyboard */ = {
			isa = PBXVariantGroup;
			children = (
				D8CCF304287C32E400EF9EC1 /* Base */,
			);
			name = Main.storyboard;
			sourceTree = "<group>";
		};
		D8CCF308287C32E600EF9EC1 /* LaunchScreen.storyboard */ = {
			isa = PBXVariantGroup;
			children = (
				D8CCF309287C32E600EF9EC1 /* Base */,
			);
			name = LaunchScreen.storyboard;
			sourceTree = "<group>";
		};
/* End PBXVariantGroup section */

/* Begin XCBuildConfiguration section */
		D8CCF322287C32E600EF9EC1 /* Debug */ = {
			isa = XCBuildConfiguration;
			buildSettings = {
				ALWAYS_SEARCH_USER_PATHS = NO;
				CLANG_ANALYZER_NONNULL = YES;
				CLANG_ANALYZER_NUMBER_OBJECT_CONVERSION = YES_AGGRESSIVE;
				CLANG_CXX_LANGUAGE_STANDARD = "gnu++17";
				CLANG_CXX_LIBRARY = "libc++";
				CLANG_ENABLE_MODULES = YES;
				CLANG_ENABLE_OBJC_ARC = YES;
				CLANG_ENABLE_OBJC_WEAK = YES;
				CLANG_WARN_BLOCK_CAPTURE_AUTORELEASING = YES;
				CLANG_WARN_BOOL_CONVERSION = YES;
				CLANG_WARN_COMMA = YES;
				CLANG_WARN_CONSTANT_CONVERSION = YES;
				CLANG_WARN_DEPRECATED_OBJC_IMPLEMENTATIONS = YES;
				CLANG_WARN_DIRECT_OBJC_ISA_USAGE = YES_ERROR;
				CLANG_WARN_DOCUMENTATION_COMMENTS = YES;
				CLANG_WARN_EMPTY_BODY = YES;
				CLANG_WARN_ENUM_CONVERSION = YES;
				CLANG_WARN_INFINITE_RECURSION = YES;
				CLANG_WARN_INT_CONVERSION = YES;
				CLANG_WARN_NON_LITERAL_NULL_CONVERSION = YES;
				CLANG_WARN_OBJC_IMPLICIT_RETAIN_SELF = YES;
				CLANG_WARN_OBJC_LITERAL_CONVERSION = YES;
				CLANG_WARN_OBJC_ROOT_CLASS = YES_ERROR;
				CLANG_WARN_QUOTED_INCLUDE_IN_FRAMEWORK_HEADER = YES;
				CLANG_WARN_RANGE_LOOP_ANALYSIS = YES;
				CLANG_WARN_STRICT_PROTOTYPES = YES;
				CLANG_WARN_SUSPICIOUS_MOVE = YES;
				CLANG_WARN_UNGUARDED_AVAILABILITY = YES_AGGRESSIVE;
				CLANG_WARN_UNREACHABLE_CODE = YES;
				CLANG_WARN__DUPLICATE_METHOD_MATCH = YES;
				COPY_PHASE_STRIP = NO;
				DEBUG_INFORMATION_FORMAT = dwarf;
				ENABLE_STRICT_OBJC_MSGSEND = YES;
				ENABLE_TESTABILITY = YES;
				GCC_C_LANGUAGE_STANDARD = gnu11;
				GCC_DYNAMIC_NO_PIC = NO;
				GCC_NO_COMMON_BLOCKS = YES;
				GCC_OPTIMIZATION_LEVEL = 0;
				GCC_PREPROCESSOR_DEFINITIONS = (
					"DEBUG=1",
					"$(inherited)",
				);
				GCC_WARN_64_TO_32_BIT_CONVERSION = YES;
				GCC_WARN_ABOUT_RETURN_TYPE = YES_ERROR;
				GCC_WARN_UNDECLARED_SELECTOR = YES;
				GCC_WARN_UNINITIALIZED_AUTOS = YES_AGGRESSIVE;
				GCC_WARN_UNUSED_FUNCTION = YES;
				GCC_WARN_UNUSED_VARIABLE = YES;
				IPHONEOS_DEPLOYMENT_TARGET = 15.2;
				MTL_ENABLE_DEBUG_INFO = INCLUDE_SOURCE;
				MTL_FAST_MATH = YES;
				ONLY_ACTIVE_ARCH = YES;
				SDKROOT = iphoneos;
				SWIFT_ACTIVE_COMPILATION_CONDITIONS = DEBUG;
				SWIFT_OPTIMIZATION_LEVEL = "-Onone";
			};
			name = Debug;
		};
		D8CCF323287C32E600EF9EC1 /* Release */ = {
			isa = XCBuildConfiguration;
			buildSettings = {
				ALWAYS_SEARCH_USER_PATHS = NO;
				CLANG_ANALYZER_NONNULL = YES;
				CLANG_ANALYZER_NUMBER_OBJECT_CONVERSION = YES_AGGRESSIVE;
				CLANG_CXX_LANGUAGE_STANDARD = "gnu++17";
				CLANG_CXX_LIBRARY = "libc++";
				CLANG_ENABLE_MODULES = YES;
				CLANG_ENABLE_OBJC_ARC = YES;
				CLANG_ENABLE_OBJC_WEAK = YES;
				CLANG_WARN_BLOCK_CAPTURE_AUTORELEASING = YES;
				CLANG_WARN_BOOL_CONVERSION = YES;
				CLANG_WARN_COMMA = YES;
				CLANG_WARN_CONSTANT_CONVERSION = YES;
				CLANG_WARN_DEPRECATED_OBJC_IMPLEMENTATIONS = YES;
				CLANG_WARN_DIRECT_OBJC_ISA_USAGE = YES_ERROR;
				CLANG_WARN_DOCUMENTATION_COMMENTS = YES;
				CLANG_WARN_EMPTY_BODY = YES;
				CLANG_WARN_ENUM_CONVERSION = YES;
				CLANG_WARN_INFINITE_RECURSION = YES;
				CLANG_WARN_INT_CONVERSION = YES;
				CLANG_WARN_NON_LITERAL_NULL_CONVERSION = YES;
				CLANG_WARN_OBJC_IMPLICIT_RETAIN_SELF = YES;
				CLANG_WARN_OBJC_LITERAL_CONVERSION = YES;
				CLANG_WARN_OBJC_ROOT_CLASS = YES_ERROR;
				CLANG_WARN_QUOTED_INCLUDE_IN_FRAMEWORK_HEADER = YES;
				CLANG_WARN_RANGE_LOOP_ANALYSIS = YES;
				CLANG_WARN_STRICT_PROTOTYPES = YES;
				CLANG_WARN_SUSPICIOUS_MOVE = YES;
				CLANG_WARN_UNGUARDED_AVAILABILITY = YES_AGGRESSIVE;
				CLANG_WARN_UNREACHABLE_CODE = YES;
				CLANG_WARN__DUPLICATE_METHOD_MATCH = YES;
				COPY_PHASE_STRIP = NO;
				DEBUG_INFORMATION_FORMAT = "dwarf-with-dsym";
				ENABLE_NS_ASSERTIONS = NO;
				ENABLE_STRICT_OBJC_MSGSEND = YES;
				GCC_C_LANGUAGE_STANDARD = gnu11;
				GCC_NO_COMMON_BLOCKS = YES;
				GCC_WARN_64_TO_32_BIT_CONVERSION = YES;
				GCC_WARN_ABOUT_RETURN_TYPE = YES_ERROR;
				GCC_WARN_UNDECLARED_SELECTOR = YES;
				GCC_WARN_UNINITIALIZED_AUTOS = YES_AGGRESSIVE;
				GCC_WARN_UNUSED_FUNCTION = YES;
				GCC_WARN_UNUSED_VARIABLE = YES;
				IPHONEOS_DEPLOYMENT_TARGET = 15.2;
				MTL_ENABLE_DEBUG_INFO = NO;
				MTL_FAST_MATH = YES;
				SDKROOT = iphoneos;
				SWIFT_COMPILATION_MODE = wholemodule;
				SWIFT_OPTIMIZATION_LEVEL = "-O";
				VALIDATE_PRODUCT = YES;
			};
			name = Release;
		};
		D8CCF325287C32E600EF9EC1 /* Debug */ = {
			isa = XCBuildConfiguration;
			buildSettings = {
				ASSETCATALOG_COMPILER_APPICON_NAME = AppIcon;
				ASSETCATALOG_COMPILER_GLOBAL_ACCENT_COLOR_NAME = AccentColor;
				CODE_SIGN_STYLE = Automatic;
				CURRENT_PROJECT_VERSION = 1;
				GENERATE_INFOPLIST_FILE = YES;
				INFOPLIST_FILE = JPMCPlanetsChallenge/Info.plist;
				INFOPLIST_KEY_UIApplicationSupportsIndirectInputEvents = YES;
				INFOPLIST_KEY_UILaunchStoryboardName = LaunchScreen;
				INFOPLIST_KEY_UIMainStoryboardFile = Main;
				INFOPLIST_KEY_UISupportedInterfaceOrientations_iPad = "UIInterfaceOrientationPortrait UIInterfaceOrientationPortraitUpsideDown UIInterfaceOrientationLandscapeLeft UIInterfaceOrientationLandscapeRight";
				INFOPLIST_KEY_UISupportedInterfaceOrientations_iPhone = "UIInterfaceOrientationPortrait UIInterfaceOrientationLandscapeLeft UIInterfaceOrientationLandscapeRight";
				IPHONEOS_DEPLOYMENT_TARGET = 13.0;
				LD_RUNPATH_SEARCH_PATHS = (
					"$(inherited)",
					"@executable_path/Frameworks",
				);
				MARKETING_VERSION = 1.0;
				PRODUCT_BUNDLE_IDENTIFIER = com.purnachandra.JPMCPlanetsChallenge;
				PRODUCT_NAME = "$(TARGET_NAME)";
				SWIFT_EMIT_LOC_STRINGS = YES;
				SWIFT_VERSION = 5.0;
				TARGETED_DEVICE_FAMILY = "1,2";
			};
			name = Debug;
		};
		D8CCF326287C32E600EF9EC1 /* Release */ = {
			isa = XCBuildConfiguration;
			buildSettings = {
				ASSETCATALOG_COMPILER_APPICON_NAME = AppIcon;
				ASSETCATALOG_COMPILER_GLOBAL_ACCENT_COLOR_NAME = AccentColor;
				CODE_SIGN_STYLE = Automatic;
				CURRENT_PROJECT_VERSION = 1;
				GENERATE_INFOPLIST_FILE = YES;
				INFOPLIST_FILE = JPMCPlanetsChallenge/Info.plist;
				INFOPLIST_KEY_UIApplicationSupportsIndirectInputEvents = YES;
				INFOPLIST_KEY_UILaunchStoryboardName = LaunchScreen;
				INFOPLIST_KEY_UIMainStoryboardFile = Main;
				INFOPLIST_KEY_UISupportedInterfaceOrientations_iPad = "UIInterfaceOrientationPortrait UIInterfaceOrientationPortraitUpsideDown UIInterfaceOrientationLandscapeLeft UIInterfaceOrientationLandscapeRight";
				INFOPLIST_KEY_UISupportedInterfaceOrientations_iPhone = "UIInterfaceOrientationPortrait UIInterfaceOrientationLandscapeLeft UIInterfaceOrientationLandscapeRight";
				IPHONEOS_DEPLOYMENT_TARGET = 13.0;
				LD_RUNPATH_SEARCH_PATHS = (
					"$(inherited)",
					"@executable_path/Frameworks",
				);
				MARKETING_VERSION = 1.0;
				PRODUCT_BUNDLE_IDENTIFIER = com.purnachandra.JPMCPlanetsChallenge;
				PRODUCT_NAME = "$(TARGET_NAME)";
				SWIFT_EMIT_LOC_STRINGS = YES;
				SWIFT_VERSION = 5.0;
				TARGETED_DEVICE_FAMILY = "1,2";
			};
			name = Release;
		};
		D8CCF328287C32E600EF9EC1 /* Debug */ = {
			isa = XCBuildConfiguration;
			buildSettings = {
				ALWAYS_EMBED_SWIFT_STANDARD_LIBRARIES = YES;
				BUNDLE_LOADER = "$(TEST_HOST)";
				CODE_SIGN_STYLE = Automatic;
				CURRENT_PROJECT_VERSION = 1;
				GENERATE_INFOPLIST_FILE = YES;
				IPHONEOS_DEPLOYMENT_TARGET = 13.0;
				MARKETING_VERSION = 1.0;
				PRODUCT_BUNDLE_IDENTIFIER = com.purnachandra.JPMCPlanetsChallengeTests;
				PRODUCT_NAME = "$(TARGET_NAME)";
				SWIFT_EMIT_LOC_STRINGS = NO;
				SWIFT_VERSION = 5.0;
				TARGETED_DEVICE_FAMILY = "1,2";
				TEST_HOST = "$(BUILT_PRODUCTS_DIR)/JPMCPlanetsChallenge.app/JPMCPlanetsChallenge";
			};
			name = Debug;
		};
		D8CCF329287C32E600EF9EC1 /* Release */ = {
			isa = XCBuildConfiguration;
			buildSettings = {
				ALWAYS_EMBED_SWIFT_STANDARD_LIBRARIES = YES;
				BUNDLE_LOADER = "$(TEST_HOST)";
				CODE_SIGN_STYLE = Automatic;
				CURRENT_PROJECT_VERSION = 1;
				GENERATE_INFOPLIST_FILE = YES;
				IPHONEOS_DEPLOYMENT_TARGET = 13.0;
				MARKETING_VERSION = 1.0;
				PRODUCT_BUNDLE_IDENTIFIER = com.purnachandra.JPMCPlanetsChallengeTests;
				PRODUCT_NAME = "$(TARGET_NAME)";
				SWIFT_EMIT_LOC_STRINGS = NO;
				SWIFT_VERSION = 5.0;
				TARGETED_DEVICE_FAMILY = "1,2";
				TEST_HOST = "$(BUILT_PRODUCTS_DIR)/JPMCPlanetsChallenge.app/JPMCPlanetsChallenge";
			};
			name = Release;
		};
		D8CCF32B287C32E600EF9EC1 /* Debug */ = {
			isa = XCBuildConfiguration;
			buildSettings = {
				ALWAYS_EMBED_SWIFT_STANDARD_LIBRARIES = YES;
				CODE_SIGN_STYLE = Automatic;
				CURRENT_PROJECT_VERSION = 1;
				GENERATE_INFOPLIST_FILE = YES;
				IPHONEOS_DEPLOYMENT_TARGET = 13.0;
				MARKETING_VERSION = 1.0;
				PRODUCT_BUNDLE_IDENTIFIER = com.purnachandra.JPMCPlanetsChallengeUITests;
				PRODUCT_NAME = "$(TARGET_NAME)";
				SWIFT_EMIT_LOC_STRINGS = NO;
				SWIFT_VERSION = 5.0;
				TARGETED_DEVICE_FAMILY = "1,2";
				TEST_TARGET_NAME = JPMCPlanetsChallenge;
			};
			name = Debug;
		};
		D8CCF32C287C32E600EF9EC1 /* Release */ = {
			isa = XCBuildConfiguration;
			buildSettings = {
				ALWAYS_EMBED_SWIFT_STANDARD_LIBRARIES = YES;
				CODE_SIGN_STYLE = Automatic;
				CURRENT_PROJECT_VERSION = 1;
				GENERATE_INFOPLIST_FILE = YES;
				IPHONEOS_DEPLOYMENT_TARGET = 13.0;
				MARKETING_VERSION = 1.0;
				PRODUCT_BUNDLE_IDENTIFIER = com.purnachandra.JPMCPlanetsChallengeUITests;
				PRODUCT_NAME = "$(TARGET_NAME)";
				SWIFT_EMIT_LOC_STRINGS = NO;
				SWIFT_VERSION = 5.0;
				TARGETED_DEVICE_FAMILY = "1,2";
				TEST_TARGET_NAME = JPMCPlanetsChallenge;
			};
			name = Release;
		};
/* End XCBuildConfiguration section */

/* Begin XCConfigurationList section */
		D8CCF2F5287C32E400EF9EC1 /* Build configuration list for PBXProject "JPMCPlanetsChallenge" */ = {
			isa = XCConfigurationList;
			buildConfigurations = (
				D8CCF322287C32E600EF9EC1 /* Debug */,
				D8CCF323287C32E600EF9EC1 /* Release */,
			);
			defaultConfigurationIsVisible = 0;
			defaultConfigurationName = Release;
		};
		D8CCF324287C32E600EF9EC1 /* Build configuration list for PBXNativeTarget "JPMCPlanetsChallenge" */ = {
			isa = XCConfigurationList;
			buildConfigurations = (
				D8CCF325287C32E600EF9EC1 /* Debug */,
				D8CCF326287C32E600EF9EC1 /* Release */,
			);
			defaultConfigurationIsVisible = 0;
			defaultConfigurationName = Release;
		};
		D8CCF327287C32E600EF9EC1 /* Build configuration list for PBXNativeTarget "JPMCPlanetsChallengeTests" */ = {
			isa = XCConfigurationList;
			buildConfigurations = (
				D8CCF328287C32E600EF9EC1 /* Debug */,
				D8CCF329287C32E600EF9EC1 /* Release */,
			);
			defaultConfigurationIsVisible = 0;
			defaultConfigurationName = Release;
		};
		D8CCF32A287C32E600EF9EC1 /* Build configuration list for PBXNativeTarget "JPMCPlanetsChallengeUITests" */ = {
			isa = XCConfigurationList;
			buildConfigurations = (
				D8CCF32B287C32E600EF9EC1 /* Debug */,
				D8CCF32C287C32E600EF9EC1 /* Release */,
			);
			defaultConfigurationIsVisible = 0;
			defaultConfigurationName = Release;
		};
/* End XCConfigurationList section */

/* Begin XCVersionGroup section */
		D8298292287FBB9700FB56BD /* Planets.xcdatamodeld */ = {
			isa = XCVersionGroup;
			children = (
				D8298293287FBB9700FB56BD /* Planets.xcdatamodel */,
			);
			currentVersion = D8298293287FBB9700FB56BD /* Planets.xcdatamodel */;
			path = Planets.xcdatamodeld;
			sourceTree = "<group>";
			versionGroupType = wrapper.xcdatamodel;
		};
/* End XCVersionGroup section */
	};
	rootObject = D8CCF2F2287C32E400EF9EC1 /* Project object */;
}
